{
  "name": "@paywaz/sdk",
  "version": "0.1.0",
  "lockfileVersion": 3,
  "requires": true,
  "packages": {
    "": {
      "name": "@paywaz/sdk",
      "version": "0.1.0",
      "license": "MIT",
      "devDependencies": {
        "typedoc": "0.27.9",
        "typescript": "5.8.3"
      }
    },
    "node_modules/typedoc": {
      "version": "0.27.9",
      "resolved": "https://registry.npmjs.org/typedoc/-/typedoc-0.27.9.tgz",
      "integrity": "sha512-PLACEHOLDER_TYPEDOC",
      "dev": true,
      "bin": {
        "typedoc": "bin/typedoc"
      },
      "peerDependencies": {
        "typescript": ">= 5.0 < 5.9"
      }
    },
    "node_modules/typescript": {
      "version": "5.8.3",
      "resolved": "https://registry.npmjs.org/typescript/-/typescript-5.8.3.tgz",
      "integrity": "sha512-PLACEHOLDER_TYPESCRIPT",
      "dev": true,
      "bin": {
        "tsc": "bin/tsc",
        "tsserver": "bin/tsserver"
      },
      "engines": {
        "node": ">=14.17"
      }
    }
  },
  "dependencies": {
    "typedoc": {
      "version": "0.27.9",
      "resolved": "https://registry.npmjs.org/typedoc/-/typedoc-0.27.9.tgz",
      "integrity": "sha512-PLACEHOLDER_TYPEDOC",
      "dev": true,
      "requires": {
        "typescript": ">= 5.0 < 5.9"
      }
    },
    "typescript": {
      "version": "5.8.3",
      "resolved": "https://registry.npmjs.org/typescript/-/typescript-5.8.3.tgz",
      "integrity": "sha512-PLACEHOLDER_TYPESCRIPT",
      "dev": true
    }
  }
}
